
Microsoft Visual Studio Solution File, Format Version 12.00
# Visual Studio Version 17
VisualStudioVersion = 17.0.31903.59
MinimumVisualStudioVersion = 10.0.40219.1
Project("{9A19103F-16F7-4668-BE54-9A1E7A4F7556}") = "SportsStore", "SportsStore\SportsStore.csproj", "{8D9C20BA-69EF-499A-B7B8-673A92A124A3}"
EndProject
Project("{9A19103F-16F7-4668-BE54-9A1E7A4F7556}") = "SportsStore.Tests", "SportsStore.Tests\SportsStore.Tests.csproj", "{055F2615-F53F-4B6A-9932-AEC9CD9C2E6B}"
EndProject
Global
	GlobalSection(SolutionConfigurationPlatforms) = preSolution
		Debug|Any CPU = Debug|Any CPU
		Release|Any CPU = Release|Any CPU
	EndGlobalSection
	GlobalSection(ProjectConfigurationPlatforms) = postSolution
		{8D9C20BA-69EF-499A-B7B8-673A92A124A3}.Debug|Any CPU.ActiveCfg = Debug|Any CPU
		{8D9C20BA-69EF-499A-B7B8-673A92A124A3}.Debug|Any CPU.Build.0 = Debug|Any CPU
		{8D9C20BA-69EF-499A-B7B8-673A92A124A3}.Release|Any CPU.ActiveCfg = Release|Any CPU
		{8D9C20BA-69EF-499A-B7B8-673A92A124A3}.Release|Any CPU.Build.0 = Release|Any CPU
		{055F2615-F53F-4B6A-9932-AEC9CD9C2E6B}.Debug|Any CPU.ActiveCfg = Debug|Any CPU
		{055F2615-F53F-4B6A-9932-AEC9CD9C2E6B}.Debug|Any CPU.Build.0 = Debug|Any CPU
		{055F2615-F53F-4B6A-9932-AEC9CD9C2E6B}.Release|Any CPU.ActiveCfg = Release|Any CPU
		{055F2615-F53F-4B6A-9932-AEC9CD9C2E6B}.Release|Any CPU.Build.0 = Release|Any CPU
	EndGlobalSection
	GlobalSection(SolutionProperties) = preSolution
		HideSolutionNode = FALSE
	EndGlobalSection
	GlobalSection(ExtensibilityGlobals) = postSolution
		SolutionGuid = {82DAEA67-F044-4955-A27D-1B04B3F2A80F}
	EndGlobalSection
EndGlobal
